
Microsoft Visual Studio Solution File, Format Version 12.00
# Visual Studio Version 17
VisualStudioVersion = 17.9.34616.47
MinimumVisualStudioVersion = 10.0.40219.1
Project("{8BC9CEB8-8B4A-11D0-8D11-00A0C91BC942}") = "e", "e\e.vcxproj", "{B4E0F2ED-DD1C-4356-9653-2B913673D0E3}"
EndProject
Project("{8BC9CEB8-8B4A-11D0-8D11-00A0C91BC942}") = "enkapsulasi", "enkapsulasi\enkapsulasi.vcxproj", "{A95C85D0-DB4C-4C2C-AB1D-1A693405DB58}"
EndProject
Project("{8BC9CEB8-8B4A-11D0-8D11-00A0C91BC942}") = "noOverriding", "noOverriding\noOverriding.vcxproj", "{D63F477C-633C-4159-9455-FD3987F7FE09}"
EndProject
Project("{8BC9CEB8-8B4A-11D0-8D11-00A0C91BC942}") = "abstraksi", "abstraksi\abstraksi.vcxproj", "{36E91153-130B-4414-9772-2BDAA33BF439}"
EndProject
Project("{8BC9CEB8-8B4A-11D0-8D11-00A0C91BC942}") = "MultiWaris", "MultiWaris\MultiWaris.vcxproj", "{291F45CB-9FF0-4159-A7F0-DEBD97096135}"
EndProject
Global
	GlobalSection(SolutionConfigurationPlatforms) = preSolution
		Debug|x64 = Debug|x64
		Debug|x86 = Debug|x86
		Release|x64 = Release|x64
		Release|x86 = Release|x86
	EndGlobalSection
	GlobalSection(ProjectConfigurationPlatforms) = postSolution
		{B4E0F2ED-DD1C-4356-9653-2B913673D0E3}.Debug|x64.ActiveCfg = Debug|x64
		{B4E0F2ED-DD1C-4356-9653-2B913673D0E3}.Debug|x64.Build.0 = Debug|x64
		{B4E0F2ED-DD1C-4356-9653-2B913673D0E3}.Debug|x86.ActiveCfg = Debug|Win32
		{B4E0F2ED-DD1C-4356-9653-2B913673D0E3}.Debug|x86.Build.0 = Debug|Win32
		{B4E0F2ED-DD1C-4356-9653-2B913673D0E3}.Release|x64.ActiveCfg = Release|x64
		{B4E0F2ED-DD1C-4356-9653-2B913673D0E3}.Release|x64.Build.0 = Release|x64
		{B4E0F2ED-DD1C-4356-9653-2B913673D0E3}.Release|x86.ActiveCfg = Release|Win32
		{B4E0F2ED-DD1C-4356-9653-2B913673D0E3}.Release|x86.Build.0 = Release|Win32
		{A95C85D0-DB4C-4C2C-AB1D-1A693405DB58}.Debug|x64.ActiveCfg = Debug|x64
		{A95C85D0-DB4C-4C2C-AB1D-1A693405DB58}.Debug|x64.Build.0 = Debug|x64
		{A95C85D0-DB4C-4C2C-AB1D-1A693405DB58}.Debug|x86.ActiveCfg = Debug|Win32
		{A95C85D0-DB4C-4C2C-AB1D-1A693405DB58}.Debug|x86.Build.0 = Debug|Win32
		{A95C85D0-DB4C-4C2C-AB1D-1A693405DB58}.Release|x64.ActiveCfg = Release|x64
		{A95C85D0-DB4C-4C2C-AB1D-1A693405DB58}.Release|x64.Build.0 = Release|x64
		{A95C85D0-DB4C-4C2C-AB1D-1A693405DB58}.Release|x86.ActiveCfg = Release|Win32
		{A95C85D0-DB4C-4C2C-AB1D-1A693405DB58}.Release|x86.Build.0 = Release|Win32
		{D63F477C-633C-4159-9455-FD3987F7FE09}.Debug|x64.ActiveCfg = Debug|x64
		{D63F477C-633C-4159-9455-FD3987F7FE09}.Debug|x64.Build.0 = Debug|x64
		{D63F477C-633C-4159-9455-FD3987F7FE09}.Debug|x86.ActiveCfg = Debug|Win32
		{D63F477C-633C-4159-9455-FD3987F7FE09}.Debug|x86.Build.0 = Debug|Win32
		{D63F477C-633C-4159-9455-FD3987F7FE09}.Release|x64.ActiveCfg = Release|x64
		{D63F477C-633C-4159-9455-FD3987F7FE09}.Release|x64.Build.0 = Release|x64
		{D63F477C-633C-4159-9455-FD3987F7FE09}.Release|x86.ActiveCfg = Release|Win32
		{D63F477C-633C-4159-9455-FD3987F7FE09}.Release|x86.Build.0 = Release|Win32
		{36E91153-130B-4414-9772-2BDAA33BF439}.Debug|x64.ActiveCfg = Debug|x64
		{36E91153-130B-4414-9772-2BDAA33BF439}.Debug|x64.Build.0 = Debug|x64
		{36E91153-130B-4414-9772-2BDAA33BF439}.Debug|x86.ActiveCfg = Debug|Win32
		{36E91153-130B-4414-9772-2BDAA33BF439}.Debug|x86.Build.0 = Debug|Win32
		{36E91153-130B-4414-9772-2BDAA33BF439}.Release|x64.ActiveCfg = Release|x64
		{36E91153-130B-4414-9772-2BDAA33BF439}.Release|x64.Build.0 = Release|x64
		{36E91153-130B-4414-9772-2BDAA33BF439}.Release|x86.ActiveCfg = Release|Win32
		{36E91153-130B-4414-9772-2BDAA33BF439}.Release|x86.Build.0 = Release|Win32
		{291F45CB-9FF0-4159-A7F0-DEBD97096135}.Debug|x64.ActiveCfg = Debug|x64
		{291F45CB-9FF0-4159-A7F0-DEBD97096135}.Debug|x64.Build.0 = Debug|x64
		{291F45CB-9FF0-4159-A7F0-DEBD97096135}.Debug|x86.ActiveCfg = Debug|Win32
		{291F45CB-9FF0-4159-A7F0-DEBD97096135}.Debug|x86.Build.0 = Debug|Win32
		{291F45CB-9FF0-4159-A7F0-DEBD97096135}.Release|x64.ActiveCfg = Release|x64
		{291F45CB-9FF0-4159-A7F0-DEBD97096135}.Release|x64.Build.0 = Release|x64
		{291F45CB-9FF0-4159-A7F0-DEBD97096135}.Release|x86.ActiveCfg = Release|Win32
		{291F45CB-9FF0-4159-A7F0-DEBD97096135}.Release|x86.Build.0 = Release|Win32
	EndGlobalSection
	GlobalSection(SolutionProperties) = preSolution
		HideSolutionNode = FALSE
	EndGlobalSection
	GlobalSection(ExtensibilityGlobals) = postSolution
		SolutionGuid = {84A491B1-E69D-4092-83C6-33185E98AE4A}
	EndGlobalSection
EndGlobal
